# Auto-generated by ebpm - do not edit by hand.

[[package]]
name = "gui"
path = "/home/yann64/.ebpm/cache/git/https___github.com_yann64_eb-gui.git"
commit = "9062354025c23d70a0acf8d7592c53cd7de0756c"

[[package]]
name = "qt6"
path = "/home/yann64/.ebpm/cache/git/https___github.com_yann64_eb-qt6.git"
commit = "deb890d886cbe08a6b3747a01452860a5d480f6c"
