# Auto-generated by ebpm - do not edit by hand.

[[package]]
name = "gui"
path = "/home/yann64/.ebpm/cache/git/https___github.com_yann64_eb-gui.git"
commit = "2432b3e32338335935c5660cc2a25965da78d4da"

[[package]]
name = "qt6"
path = "/home/yann64/.ebpm/cache/git/https___github.com_yann64_eb-qt6.git"
commit = "469f72b573a08847d24384a9d1615caf1f5c0541"
