# Auto-generated by ebpm - do not edit by hand.

[[package]]
name = "gui"
path = "/home/yann64/.ebpm/cache/git/https___github.com_yann64_eb-gui.git"
commit = "dfaac5e8b1c0a7cc42c18d00c254c157bed13efa"

[[package]]
name = "qt6"
path = "/home/yann64/.ebpm/cache/git/https___github.com_yann64_eb-qt6.git"
commit = "deb890d886cbe08a6b3747a01452860a5d480f6c"
